
Microsoft Visual Studio Solution File, Format Version 12.00
# Visual Studio Version 17
VisualStudioVersion = 17.8.34316.72
MinimumVisualStudioVersion = 10.0.40219.1
Project("{FAE04EC0-301F-11D3-BF4B-00C04F79EFBC}") = "SimpleClass", "SimpleClass.csproj", "{30F4A3DD-FB87-4144-AFA1-D6E53924AB8F}"
EndProject
Global
	GlobalSection(SolutionConfigurationPlatforms) = preSolution
		Debug|Any CPU = Debug|Any CPU
		Release|Any CPU = Release|Any CPU
	EndGlobalSection
	GlobalSection(ProjectConfigurationPlatforms) = postSolution
		{30F4A3DD-FB87-4144-AFA1-D6E53924AB8F}.Debug|Any CPU.ActiveCfg = Debug|Any CPU
		{30F4A3DD-FB87-4144-AFA1-D6E53924AB8F}.Debug|Any CPU.Build.0 = Debug|Any CPU
		{30F4A3DD-FB87-4144-AFA1-D6E53924AB8F}.Release|Any CPU.ActiveCfg = Release|Any CPU
		{30F4A3DD-FB87-4144-AFA1-D6E53924AB8F}.Release|Any CPU.Build.0 = Release|Any CPU
	EndGlobalSection
	GlobalSection(SolutionProperties) = preSolution
		HideSolutionNode = FALSE
	EndGlobalSection
	GlobalSection(ExtensibilityGlobals) = postSolution
		SolutionGuid = {1C53EACE-5EF3-4025-AA67-6B055972E3C0}
	EndGlobalSection
EndGlobal
